// !$*UTF8*$!
{
	archiveVersion = 1;
	classes = {
	};
	objectVersion = 46;
	objects = {

/* Begin PBXBuildFile section */
		BE1600761B4E5EEE0095DAA1 /* main.m in Sources */ = {isa = PBXBuildFile; fileRef = BE1600751B4E5EEE0095DAA1 /* main.m */; };
		BE1600791B4E5EEE0095DAA1 /* AppDelegate.m in Sources */ = {isa = PBXBuildFile; fileRef = BE1600781B4E5EEE0095DAA1 /* AppDelegate.m */; };
		BE16007C1B4E5EEE0095DAA1 /* ViewController.m in Sources */ = {isa = PBXBuildFile; fileRef = BE16007B1B4E5EEE0095DAA1 /* ViewController.m */; };
		BE16007F1B4E5EEE0095DAA1 /* Main.storyboard in Resources */ = {isa = PBXBuildFile; fileRef = BE16007D1B4E5EEE0095DAA1 /* Main.storyboard */; };
		BE1600811B4E5EEE0095DAA1 /* Images.xcassets in Resources */ = {isa = PBXBuildFile; fileRef = BE1600801B4E5EEE0095DAA1 /* Images.xcassets */; };
		BE1600841B4E5EEE0095DAA1 /* LaunchScreen.xib in Resources */ = {isa = PBXBuildFile; fileRef = BE1600821B4E5EEE0095DAA1 /* LaunchScreen.xib */; };
		BE1600901B4E5EEE0095DAA1 /* ScrollingTokenSampleTests.m in Sources */ = {isa = PBXBuildFile; fileRef = BE16008F1B4E5EEE0095DAA1 /* ScrollingTokenSampleTests.m */; };
		BE16009B1B4E78BD0095DAA1 /* TITokenField.m in Sources */ = {isa = PBXBuildFile; fileRef = BE16009A1B4E78BD0095DAA1 /* TITokenField.m */; };
		BE16009E1B4E7B460095DAA1 /* UIView+Genie.m in Sources */ = {isa = PBXBuildFile; fileRef = BE16009D1B4E7B460095DAA1 /* UIView+Genie.m */; };
		BE1600A11B4E7B570095DAA1 /* UIColor+Hex.m in Sources */ = {isa = PBXBuildFile; fileRef = BE1600A01B4E7B570095DAA1 /* UIColor+Hex.m */; };
		BE1600A41B4E81F90095DAA1 /* CustomButton.m in Sources */ = {isa = PBXBuildFile; fileRef = BE1600A31B4E81F90095DAA1 /* CustomButton.m */; };
/* End PBXBuildFile section */

/* Begin PBXContainerItemProxy section */
		BE16008A1B4E5EEE0095DAA1 /* PBXContainerItemProxy */ = {
			isa = PBXContainerItemProxy;
			containerPortal = BE1600681B4E5EED0095DAA1 /* Project object */;
			proxyType = 1;
			remoteGlobalIDString = BE16006F1B4E5EEE0095DAA1;
			remoteInfo = ScrollingTokenSample;
		};
/* End PBXContainerItemProxy section */

/* Begin PBXFileReference section */
		BE1600701B4E5EEE0095DAA1 /* ScrollingTokenSample.app */ = {isa = PBXFileReference; explicitFileType = wrapper.application; includeInIndex = 0; path = ScrollingTokenSample.app; sourceTree = BUILT_PRODUCTS_DIR; };
		BE1600741B4E5EEE0095DAA1 /* Info.plist */ = {isa = PBXFileReference; lastKnownFileType = text.plist.xml; path = Info.plist; sourceTree = "<group>"; };
		BE1600751B4E5EEE0095DAA1 /* main.m */ = {isa = PBXFileReference; lastKnownFileType = sourcecode.c.objc; path = main.m; sourceTree = "<group>"; };
		BE1600771B4E5EEE0095DAA1 /* AppDelegate.h */ = {isa = PBXFileReference; lastKnownFileType = sourcecode.c.h; path = AppDelegate.h; sourceTree = "<group>"; };
		BE1600781B4E5EEE0095DAA1 /* AppDelegate.m */ = {isa = PBXFileReference; lastKnownFileType = sourcecode.c.objc; path = AppDelegate.m; sourceTree = "<group>"; };
		BE16007A1B4E5EEE0095DAA1 /* ViewController.h */ = {isa = PBXFileReference; lastKnownFileType = sourcecode.c.h; path = ViewController.h; sourceTree = "<group>"; };
		BE16007B1B4E5EEE0095DAA1 /* ViewController.m */ = {isa = PBXFileReference; lastKnownFileType = sourcecode.c.objc; path = ViewController.m; sourceTree = "<group>"; };
		BE16007E1B4E5EEE0095DAA1 /* Base */ = {isa = PBXFileReference; lastKnownFileType = file.storyboard; name = Base; path = Base.lproj/Main.storyboard; sourceTree = "<group>"; };
		BE1600801B4E5EEE0095DAA1 /* Images.xcassets */ = {isa = PBXFileReference; lastKnownFileType = folder.assetcatalog; path = Images.xcassets; sourceTree = "<group>"; };
		BE1600831B4E5EEE0095DAA1 /* Base */ = {isa = PBXFileReference; lastKnownFileType = file.xib; name = Base; path = Base.lproj/LaunchScreen.xib; sourceTree = "<group>"; };
		BE1600891B4E5EEE0095DAA1 /* ScrollingTokenSampleTests.xctest */ = {isa = PBXFileReference; explicitFileType = wrapper.cfbundle; includeInIndex = 0; path = ScrollingTokenSampleTests.xctest; sourceTree = BUILT_PRODUCTS_DIR; };
		BE16008E1B4E5EEE0095DAA1 /* Info.plist */ = {isa = PBXFileReference; lastKnownFileType = text.plist.xml; path = Info.plist; sourceTree = "<group>"; };
		BE16008F1B4E5EEE0095DAA1 /* ScrollingTokenSampleTests.m */ = {isa = PBXFileReference; lastKnownFileType = sourcecode.c.objc; path = ScrollingTokenSampleTests.m; sourceTree = "<group>"; };
		BE1600991B4E78BD0095DAA1 /* TITokenField.h */ = {isa = PBXFileReference; fileEncoding = 4; lastKnownFileType = sourcecode.c.h; path = TITokenField.h; sourceTree = "<group>"; };
		BE16009A1B4E78BD0095DAA1 /* TITokenField.m */ = {isa = PBXFileReference; fileEncoding = 4; lastKnownFileType = sourcecode.c.objc; path = TITokenField.m; sourceTree = "<group>"; };
		BE16009C1B4E7B460095DAA1 /* UIView+Genie.h */ = {isa = PBXFileReference; fileEncoding = 4; lastKnownFileType = sourcecode.c.h; path = "UIView+Genie.h"; sourceTree = "<group>"; };
		BE16009D1B4E7B460095DAA1 /* UIView+Genie.m */ = {isa = PBXFileReference; fileEncoding = 4; lastKnownFileType = sourcecode.c.objc; path = "UIView+Genie.m"; sourceTree = "<group>"; };
		BE16009F1B4E7B570095DAA1 /* UIColor+Hex.h */ = {isa = PBXFileReference; fileEncoding = 4; lastKnownFileType = sourcecode.c.h; path = "UIColor+Hex.h"; sourceTree = "<group>"; };
		BE1600A01B4E7B570095DAA1 /* UIColor+Hex.m */ = {isa = PBXFileReference; fileEncoding = 4; lastKnownFileType = sourcecode.c.objc; path = "UIColor+Hex.m"; sourceTree = "<group>"; };
		BE1600A21B4E81F90095DAA1 /* CustomButton.h */ = {isa = PBXFileReference; fileEncoding = 4; lastKnownFileType = sourcecode.c.h; path = CustomButton.h; sourceTree = "<group>"; };
		BE1600A31B4E81F90095DAA1 /* CustomButton.m */ = {isa = PBXFileReference; fileEncoding = 4; lastKnownFileType = sourcecode.c.objc; path = CustomButton.m; sourceTree = "<group>"; };
/* End PBXFileReference section */

/* Begin PBXFrameworksBuildPhase section */
		BE16006D1B4E5EEE0095DAA1 /* Frameworks */ = {
			isa = PBXFrameworksBuildPhase;
			buildActionMask = 2147483647;
			files = (
			);
			runOnlyForDeploymentPostprocessing = 0;
		};
		BE1600861B4E5EEE0095DAA1 /* Frameworks */ = {
			isa = PBXFrameworksBuildPhase;
			buildActionMask = 2147483647;
			files = (
			);
			runOnlyForDeploymentPostprocessing = 0;
		};
/* End PBXFrameworksBuildPhase section */

/* Begin PBXGroup section */
		BE1600671B4E5EED0095DAA1 = {
			isa = PBXGroup;
			children = (
				BE1600721B4E5EEE0095DAA1 /* ScrollingTokenSample */,
				BE16008C1B4E5EEE0095DAA1 /* ScrollingTokenSampleTests */,
				BE1600711B4E5EEE0095DAA1 /* Products */,
			);
			sourceTree = "<group>";
		};
		BE1600711B4E5EEE0095DAA1 /* Products */ = {
			isa = PBXGroup;
			children = (
				BE1600701B4E5EEE0095DAA1 /* ScrollingTokenSample.app */,
				BE1600891B4E5EEE0095DAA1 /* ScrollingTokenSampleTests.xctest */,
			);
			name = Products;
			sourceTree = "<group>";
		};
		BE1600721B4E5EEE0095DAA1 /* ScrollingTokenSample */ = {
			isa = PBXGroup;
			children = (
				BE1600A21B4E81F90095DAA1 /* CustomButton.h */,
				BE1600A31B4E81F90095DAA1 /* CustomButton.m */,
				BE16009F1B4E7B570095DAA1 /* UIColor+Hex.h */,
				BE1600A01B4E7B570095DAA1 /* UIColor+Hex.m */,
				BE16009C1B4E7B460095DAA1 /* UIView+Genie.h */,
				BE16009D1B4E7B460095DAA1 /* UIView+Genie.m */,
				BE1600991B4E78BD0095DAA1 /* TITokenField.h */,
				BE16009A1B4E78BD0095DAA1 /* TITokenField.m */,
				BE1600771B4E5EEE0095DAA1 /* AppDelegate.h */,
				BE1600781B4E5EEE0095DAA1 /* AppDelegate.m */,
				BE16007A1B4E5EEE0095DAA1 /* ViewController.h */,
				BE16007B1B4E5EEE0095DAA1 /* ViewController.m */,
				BE16007D1B4E5EEE0095DAA1 /* Main.storyboard */,
				BE1600801B4E5EEE0095DAA1 /* Images.xcassets */,
				BE1600821B4E5EEE0095DAA1 /* LaunchScreen.xib */,
				BE1600731B4E5EEE0095DAA1 /* Supporting Files */,
			);
			path = ScrollingTokenSample;
			sourceTree = "<group>";
		};
		BE1600731B4E5EEE0095DAA1 /* Supporting Files */ = {
			isa = PBXGroup;
			children = (
				BE1600741B4E5EEE0095DAA1 /* Info.plist */,
				BE1600751B4E5EEE0095DAA1 /* main.m */,
			);
			name = "Supporting Files";
			sourceTree = "<group>";
		};
		BE16008C1B4E5EEE0095DAA1 /* ScrollingTokenSampleTests */ = {
			isa = PBXGroup;
			children = (
				BE16008F1B4E5EEE0095DAA1 /* ScrollingTokenSampleTests.m */,
				BE16008D1B4E5EEE0095DAA1 /* Supporting Files */,
			);
			path = ScrollingTokenSampleTests;
			sourceTree = "<group>";
		};
		BE16008D1B4E5EEE0095DAA1 /* Supporting Files */ = {
			isa = PBXGroup;
			children = (
				BE16008E1B4E5EEE0095DAA1 /* Info.plist */,
			);
			name = "Supporting Files";
			sourceTree = "<group>";
		};
/* End PBXGroup section */

/* Begin PBXNativeTarget section */
		BE16006F1B4E5EEE0095DAA1 /* ScrollingTokenSample */ = {
			isa = PBXNativeTarget;
			buildConfigurationList = BE1600931B4E5EEE0095DAA1 /* Build configuration list for PBXNativeTarget "ScrollingTokenSample" */;
			buildPhases = (
				BE16006C1B4E5EEE0095DAA1 /* Sources */,
				BE16006D1B4E5EEE0095DAA1 /* Frameworks */,
				BE16006E1B4E5EEE0095DAA1 /* Resources */,
			);
			buildRules = (
			);
			dependencies = (
			);
			name = ScrollingTokenSample;
			productName = ScrollingTokenSample;
			productReference = BE1600701B4E5EEE0095DAA1 /* ScrollingTokenSample.app */;
			productType = "com.apple.product-type.application";
		};
		BE1600881B4E5EEE0095DAA1 /* ScrollingTokenSampleTests */ = {
			isa = PBXNativeTarget;
			buildConfigurationList = BE1600961B4E5EEE0095DAA1 /* Build configuration list for PBXNativeTarget "ScrollingTokenSampleTests" */;
			buildPhases = (
				BE1600851B4E5EEE0095DAA1 /* Sources */,
				BE1600861B4E5EEE0095DAA1 /* Frameworks */,
				BE1600871B4E5EEE0095DAA1 /* Resources */,
			);
			buildRules = (
			);
			dependencies = (
				BE16008B1B4E5EEE0095DAA1 /* PBXTargetDependency */,
			);
			name = ScrollingTokenSampleTests;
			productName = ScrollingTokenSampleTests;
			productReference = BE1600891B4E5EEE0095DAA1 /* ScrollingTokenSampleTests.xctest */;
			productType = "com.apple.product-type.bundle.unit-test";
		};
/* End PBXNativeTarget section */

/* Begin PBXProject section */
		BE1600681B4E5EED0095DAA1 /* Project object */ = {
			isa = PBXProject;
			attributes = {
				LastUpgradeCheck = 0640;
				ORGANIZATIONNAME = Intelligrape;
				TargetAttributes = {
					BE16006F1B4E5EEE0095DAA1 = {
						CreatedOnToolsVersion = 6.4;
					};
					BE1600881B4E5EEE0095DAA1 = {
						CreatedOnToolsVersion = 6.4;
						TestTargetID = BE16006F1B4E5EEE0095DAA1;
					};
				};
			};
			buildConfigurationList = BE16006B1B4E5EED0095DAA1 /* Build configuration list for PBXProject "ScrollingTokenSample" */;
			compatibilityVersion = "Xcode 3.2";
			developmentRegion = English;
			hasScannedForEncodings = 0;
			knownRegions = (
				en,
				Base,
			);
			mainGroup = BE1600671B4E5EED0095DAA1;
			productRefGroup = BE1600711B4E5EEE0095DAA1 /* Products */;
			projectDirPath = "";
			projectRoot = "";
			targets = (
				BE16006F1B4E5EEE0095DAA1 /* ScrollingTokenSample */,
				BE1600881B4E5EEE0095DAA1 /* ScrollingTokenSampleTests */,
			);
		};
/* End PBXProject section */

/* Begin PBXResourcesBuildPhase section */
		BE16006E1B4E5EEE0095DAA1 /* Resources */ = {
			isa = PBXResourcesBuildPhase;
			buildActionMask = 2147483647;
			files = (
				BE16007F1B4E5EEE0095DAA1 /* Main.storyboard in Resources */,
				BE1600841B4E5EEE0095DAA1 /* LaunchScreen.xib in Resources */,
				BE1600811B4E5EEE0095DAA1 /* Images.xcassets in Resources */,
			);
			runOnlyForDeploymentPostprocessing = 0;
		};
		BE1600871B4E5EEE0095DAA1 /* Resources */ = {
			isa = PBXResourcesBuildPhase;
			buildActionMask = 2147483647;
			files = (
			);
			runOnlyForDeploymentPostprocessing = 0;
		};
/* End PBXResourcesBuildPhase section */

/* Begin PBXSourcesBuildPhase section */
		BE16006C1B4E5EEE0095DAA1 /* Sources */ = {
			isa = PBXSourcesBuildPhase;
			buildActionMask = 2147483647;
			files = (
				BE16007C1B4E5EEE0095DAA1 /* ViewController.m in Sources */,
				BE1600A11B4E7B570095DAA1 /* UIColor+Hex.m in Sources */,
				BE1600791B4E5EEE0095DAA1 /* AppDelegate.m in Sources */,
				BE1600A41B4E81F90095DAA1 /* CustomButton.m in Sources */,
				BE1600761B4E5EEE0095DAA1 /* main.m in Sources */,
				BE16009E1B4E7B460095DAA1 /* UIView+Genie.m in Sources */,
				BE16009B1B4E78BD0095DAA1 /* TITokenField.m in Sources */,
			);
			runOnlyForDeploymentPostprocessing = 0;
		};
		BE1600851B4E5EEE0095DAA1 /* Sources */ = {
			isa = PBXSourcesBuildPhase;
			buildActionMask = 2147483647;
			files = (
				BE1600901B4E5EEE0095DAA1 /* ScrollingTokenSampleTests.m in Sources */,
			);
			runOnlyForDeploymentPostprocessing = 0;
		};
/* End PBXSourcesBuildPhase section */

/* Begin PBXTargetDependency section */
		BE16008B1B4E5EEE0095DAA1 /* PBXTargetDependency */ = {
			isa = PBXTargetDependency;
			target = BE16006F1B4E5EEE0095DAA1 /* ScrollingTokenSample */;
			targetProxy = BE16008A1B4E5EEE0095DAA1 /* PBXContainerItemProxy */;
		};
/* End PBXTargetDependency section */

/* Begin PBXVariantGroup section */
		BE16007D1B4E5EEE0095DAA1 /* Main.storyboard */ = {
			isa = PBXVariantGroup;
			children = (
				BE16007E1B4E5EEE0095DAA1 /* Base */,
			);
			name = Main.storyboard;
			sourceTree = "<group>";
		};
		BE1600821B4E5EEE0095DAA1 /* LaunchScreen.xib */ = {
			isa = PBXVariantGroup;
			children = (
				BE1600831B4E5EEE0095DAA1 /* Base */,
			);
			name = LaunchScreen.xib;
			sourceTree = "<group>";
		};
/* End PBXVariantGroup section */

/* Begin XCBuildConfiguration section */
		BE1600911B4E5EEE0095DAA1 /* Debug */ = {
			isa = XCBuildConfiguration;
			buildSettings = {
				ALWAYS_SEARCH_USER_PATHS = NO;
				CLANG_CXX_LANGUAGE_STANDARD = "gnu++0x";
				CLANG_CXX_LIBRARY = "libc++";
				CLANG_ENABLE_MODULES = YES;
				CLANG_ENABLE_OBJC_ARC = YES;
				CLANG_WARN_BOOL_CONVERSION = YES;
				CLANG_WARN_CONSTANT_CONVERSION = YES;
				CLANG_WARN_DIRECT_OBJC_ISA_USAGE = YES_ERROR;
				CLANG_WARN_EMPTY_BODY = YES;
				CLANG_WARN_ENUM_CONVERSION = YES;
				CLANG_WARN_INT_CONVERSION = YES;
				CLANG_WARN_OBJC_ROOT_CLASS = YES_ERROR;
				CLANG_WARN_UNREACHABLE_CODE = YES;
				CLANG_WARN__DUPLICATE_METHOD_MATCH = YES;
				"CODE_SIGN_IDENTITY[sdk=iphoneos*]" = "iPhone Developer";
				COPY_PHASE_STRIP = NO;
				DEBUG_INFORMATION_FORMAT = "dwarf-with-dsym";
				ENABLE_STRICT_OBJC_MSGSEND = YES;
				GCC_C_LANGUAGE_STANDARD = gnu99;
				GCC_DYNAMIC_NO_PIC = NO;
				GCC_NO_COMMON_BLOCKS = YES;
				GCC_OPTIMIZATION_LEVEL = 0;
				GCC_PREPROCESSOR_DEFINITIONS = (
					"DEBUG=1",
					"$(inherited)",
				);
				GCC_SYMBOLS_PRIVATE_EXTERN = NO;
				GCC_WARN_64_TO_32_BIT_CONVERSION = YES;
				GCC_WARN_ABOUT_RETURN_TYPE = YES_ERROR;
				GCC_WARN_UNDECLARED_SELECTOR = YES;
				GCC_WARN_UNINITIALIZED_AUTOS = YES_AGGRESSIVE;
				GCC_WARN_UNUSED_FUNCTION = YES;
				GCC_WARN_UNUSED_VARIABLE = YES;
				IPHONEOS_DEPLOYMENT_TARGET = 8.4;
				MTL_ENABLE_DEBUG_INFO = YES;
				ONLY_ACTIVE_ARCH = YES;
				SDKROOT = iphoneos;
			};
			name = Debug;
		};
		BE1600921B4E5EEE0095DAA1 /* Release */ = {
			isa = XCBuildConfiguration;
			buildSettings = {
				ALWAYS_SEARCH_USER_PATHS = NO;
				CLANG_CXX_LANGUAGE_STANDARD = "gnu++0x";
				CLANG_CXX_LIBRARY = "libc++";
				CLANG_ENABLE_MODULES = YES;
				CLANG_ENABLE_OBJC_ARC = YES;
				CLANG_WARN_BOOL_CONVERSION = YES;
				CLANG_WARN_CONSTANT_CONVERSION = YES;
				CLANG_WARN_DIRECT_OBJC_ISA_USAGE = YES_ERROR;
				CLANG_WARN_EMPTY_BODY = YES;
				CLANG_WARN_ENUM_CONVERSION = YES;
				CLANG_WARN_INT_CONVERSION = YES;
				CLANG_WARN_OBJC_ROOT_CLASS = YES_ERROR;
				CLANG_WARN_UNREACHABLE_CODE = YES;
				CLANG_WARN__DUPLICATE_METHOD_MATCH = YES;
				"CODE_SIGN_IDENTITY[sdk=iphoneos*]" = "iPhone Developer";
				COPY_PHASE_STRIP = NO;
				DEBUG_INFORMATION_FORMAT = "dwarf-with-dsym";
				ENABLE_NS_ASSERTIONS = NO;
				ENABLE_STRICT_OBJC_MSGSEND = YES;
				GCC_C_LANGUAGE_STANDARD = gnu99;
				GCC_NO_COMMON_BLOCKS = YES;
				GCC_WARN_64_TO_32_BIT_CONVERSION = YES;
				GCC_WARN_ABOUT_RETURN_TYPE = YES_ERROR;
				GCC_WARN_UNDECLARED_SELECTOR = YES;
				GCC_WARN_UNINITIALIZED_AUTOS = YES_AGGRESSIVE;
				GCC_WARN_UNUSED_FUNCTION = YES;
				GCC_WARN_UNUSED_VARIABLE = YES;
				IPHONEOS_DEPLOYMENT_TARGET = 8.4;
				MTL_ENABLE_DEBUG_INFO = NO;
				SDKROOT = iphoneos;
				VALIDATE_PRODUCT = YES;
			};
			name = Release;
		};
		BE1600941B4E5EEE0095DAA1 /* Debug */ = {
			isa = XCBuildConfiguration;
			buildSettings = {
				ASSETCATALOG_COMPILER_APPICON_NAME = AppIcon;
				INFOPLIST_FILE = ScrollingTokenSample/Info.plist;
				LD_RUNPATH_SEARCH_PATHS = "$(inherited) @executable_path/Frameworks";
				PRODUCT_NAME = "$(TARGET_NAME)";
			};
			name = Debug;
		};
		BE1600951B4E5EEE0095DAA1 /* Release */ = {
			isa = XCBuildConfiguration;
			buildSettings = {
				ASSETCATALOG_COMPILER_APPICON_NAME = AppIcon;
				INFOPLIST_FILE = ScrollingTokenSample/Info.plist;
				LD_RUNPATH_SEARCH_PATHS = "$(inherited) @executable_path/Frameworks";
				PRODUCT_NAME = "$(TARGET_NAME)";
			};
			name = Release;
		};
		BE1600971B4E5EEE0095DAA1 /* Debug */ = {
			isa = XCBuildConfiguration;
			buildSettings = {
				BUNDLE_LOADER = "$(TEST_HOST)";
				FRAMEWORK_SEARCH_PATHS = (
					"$(SDKROOT)/Developer/Library/Frameworks",
					"$(inherited)",
				);
				GCC_PREPROCESSOR_DEFINITIONS = (
					"DEBUG=1",
					"$(inherited)",
				);
				INFOPLIST_FILE = ScrollingTokenSampleTests/Info.plist;
				LD_RUNPATH_SEARCH_PATHS = "$(inherited) @executable_path/Frameworks @loader_path/Frameworks";
				PRODUCT_NAME = "$(TARGET_NAME)";
				TEST_HOST = "$(BUILT_PRODUCTS_DIR)/ScrollingTokenSample.app/ScrollingTokenSample";
			};
			name = Debug;
		};
		BE1600981B4E5EEE0095DAA1 /* Release */ = {
			isa = XCBuildConfiguration;
			buildSettings = {
				BUNDLE_LOADER = "$(TEST_HOST)";
				FRAMEWORK_SEARCH_PATHS = (
					"$(SDKROOT)/Developer/Library/Frameworks",
					"$(inherited)",
				);
				INFOPLIST_FILE = ScrollingTokenSampleTests/Info.plist;
				LD_RUNPATH_SEARCH_PATHS = "$(inherited) @executable_path/Frameworks @loader_path/Frameworks";
				PRODUCT_NAME = "$(TARGET_NAME)";
				TEST_HOST = "$(BUILT_PRODUCTS_DIR)/ScrollingTokenSample.app/ScrollingTokenSample";
			};
			name = Release;
		};
/* End XCBuildConfiguration section */

/* Begin XCConfigurationList section */
		BE16006B1B4E5EED0095DAA1 /* Build configuration list for PBXProject "ScrollingTokenSample" */ = {
			isa = XCConfigurationList;
			buildConfigurations = (
				BE1600911B4E5EEE0095DAA1 /* Debug */,
				BE1600921B4E5EEE0095DAA1 /* Release */,
			);
			defaultConfigurationIsVisible = 0;
			defaultConfigurationName = Release;
		};
		BE1600931B4E5EEE0095DAA1 /* Build configuration list for PBXNativeTarget "ScrollingTokenSample" */ = {
			isa = XCConfigurationList;
			buildConfigurations = (
				BE1600941B4E5EEE0095DAA1 /* Debug */,
				BE1600951B4E5EEE0095DAA1 /* Release */,
			);
			defaultConfigurationIsVisible = 0;
		};
		BE1600961B4E5EEE0095DAA1 /* Build configuration list for PBXNativeTarget "ScrollingTokenSampleTests" */ = {
			isa = XCConfigurationList;
			buildConfigurations = (
				BE1600971B4E5EEE0095DAA1 /* Debug */,
				BE1600981B4E5EEE0095DAA1 /* Release */,
			);
			defaultConfigurationIsVisible = 0;
		};
/* End XCConfigurationList section */
	};
	rootObject = BE1600681B4E5EED0095DAA1 /* Project object */;
}
